dependencies:
  espressif/esp32-camera:
    component_hash: a82de4ee0b383bd34695935385c6a6c720129084580c2bbb55dce76eb2a3788f
    dependencies: []
    source:
      registry_url: https://components.espressif.com/
      type: service
    version: 2.0.13
  espressif/mdns:
    component_hash: af6306fe65d637a3683d1cf671508fcedd6b05f9ca029a8815abeab64001fb8d
    dependencies:
    - name: idf
      require: private
      version: '>=5.0'
    source:
      registry_url: https://components.espressif.com/
      type: service
    version: 1.4.0
  idf:
    source:
      type: idf
    version: 5.4.0
direct_dependencies:
- espressif/esp32-camera
- espressif/mdns
manifest_hash: 63c8ceb4698afeabe1fb48922c722f40ff58b9f841b6b88c8726e635e1e508a4
target: esp32s3
version: 2.0.0
